
Microsoft Visual Studio Solution File, Format Version 12.00
# Visual Studio Version 17
VisualStudioVersion = 17.6.33829.357
MinimumVisualStudioVersion = 10.0.40219.1
Project("{8BC9CEB8-8B4A-11D0-8D11-00A0C91BC942}") = "Sandbox", "Sandbox\Sandbox.vcxproj", "{1C3CEA33-FD87-4F89-8B11-333DD1440774}"
EndProject
Project("{8BC9CEB8-8B4A-11D0-8D11-00A0C91BC942}") = "Hazel", "Hazel\Hazel.vcxproj", "{A4C1417E-1571-4EA9-98AF-1EB10338C2F8}"
EndProject
Global
	GlobalSection(SolutionConfigurationPlatforms) = preSolution
		Debug|x64 = Debug|x64
		Debug|x86 = Debug|x86
		Release|x64 = Release|x64
		Release|x86 = Release|x86
	EndGlobalSection
	GlobalSection(ProjectConfigurationPlatforms) = postSolution
		{A4C1417E-1571-4EA9-98AF-1EB10338C2F8}.Debug|x64.ActiveCfg = Debug|x64
		{A4C1417E-1571-4EA9-98AF-1EB10338C2F8}.Debug|x64.Build.0 = Debug|x64
		{A4C1417E-1571-4EA9-98AF-1EB10338C2F8}.Debug|x86.ActiveCfg = Debug|Win32
		{A4C1417E-1571-4EA9-98AF-1EB10338C2F8}.Debug|x86.Build.0 = Debug|Win32
		{A4C1417E-1571-4EA9-98AF-1EB10338C2F8}.Release|x64.ActiveCfg = Release|x64
		{A4C1417E-1571-4EA9-98AF-1EB10338C2F8}.Release|x64.Build.0 = Release|x64
		{A4C1417E-1571-4EA9-98AF-1EB10338C2F8}.Release|x86.ActiveCfg = Release|Win32
		{A4C1417E-1571-4EA9-98AF-1EB10338C2F8}.Release|x86.Build.0 = Release|Win32
		{1C3CEA33-FD87-4F89-8B11-333DD1440774}.Debug|x64.ActiveCfg = Debug|x64
		{1C3CEA33-FD87-4F89-8B11-333DD1440774}.Debug|x64.Build.0 = Debug|x64
		{1C3CEA33-FD87-4F89-8B11-333DD1440774}.Debug|x86.ActiveCfg = Debug|x64
		{1C3CEA33-FD87-4F89-8B11-333DD1440774}.Release|x64.ActiveCfg = Release|x64
		{1C3CEA33-FD87-4F89-8B11-333DD1440774}.Release|x64.Build.0 = Release|x64
		{1C3CEA33-FD87-4F89-8B11-333DD1440774}.Release|x86.ActiveCfg = Release|x64
	EndGlobalSection
	GlobalSection(SolutionProperties) = preSolution
		HideSolutionNode = FALSE
	EndGlobalSection
	GlobalSection(ExtensibilityGlobals) = postSolution
		SolutionGuid = {575484EB-EDA4-46EE-A737-6AE435EC4534}
	EndGlobalSection
EndGlobal
